
Microsoft Visual Studio Solution File, Format Version 12.00
# Visual Studio 14
VisualStudioVersion = 14.0.25420.1
MinimumVisualStudioVersion = 10.0.40219.1
Project("{FAE04EC0-301F-11D3-BF4B-00C04F79EFBC}") = "ReverseNumbersWithStack", "ReverseNumbersWithStack\ReverseNumbersWithStack.csproj", "{4DE77ADF-C0FA-41E8-8A98-AA0C55745AFA}"
EndProject
Project("{FAE04EC0-301F-11D3-BF4B-00C04F79EFBC}") = "BasicStackOperations", "BasicStackOperations\BasicStackOperations.csproj", "{980477DE-B157-4906-99E1-15B0C493F518}"
EndProject
Project("{FAE04EC0-301F-11D3-BF4B-00C04F79EFBC}") = "MaximumElement", "MaximumElement\MaximumElement.csproj", "{2C572FEA-FA87-446F-BEFE-0B969EE76476}"
EndProject
Project("{FAE04EC0-301F-11D3-BF4B-00C04F79EFBC}") = "BasicQueueOperations", "BasicQueueOperations\BasicQueueOperations.csproj", "{C10370AE-48C8-4F59-A8C8-91BA9D667B60}"
EndProject
Project("{FAE04EC0-301F-11D3-BF4B-00C04F79EFBC}") = "CalculateSequenceWithQueue", "CalculateSequenceWithQueue\CalculateSequenceWithQueue.csproj", "{0D4E9CCB-3386-40F7-83A8-F9DB4C161A08}"
EndProject
Project("{FAE04EC0-301F-11D3-BF4B-00C04F79EFBC}") = "TruckTour", "TruckTour\TruckTour.csproj", "{BF03E8B1-6C43-4523-B3EA-97757A839626}"
EndProject
Project("{FAE04EC0-301F-11D3-BF4B-00C04F79EFBC}") = "BalancedParentheses", "BalancedParentheses\BalancedParentheses.csproj", "{5F04E334-9FE5-4FE8-B030-DFB7F3943C68}"
EndProject
Project("{FAE04EC0-301F-11D3-BF4B-00C04F79EFBC}") = "RecursiveFibonacci", "RecursiveFibonacci\RecursiveFibonacci.csproj", "{D0DC0EC0-ABA4-4E17-BDAA-A581420FFAF5}"
EndProject
Project("{FAE04EC0-301F-11D3-BF4B-00C04F79EFBC}") = "StackFibonacci", "StackFibonacci\StackFibonacci.csproj", "{4CC891FE-E744-41A8-AB31-BD13FF6A0AFA}"
EndProject
Project("{FAE04EC0-301F-11D3-BF4B-00C04F79EFBC}") = "SimpleTextEditor", "SimpleTextEditor\SimpleTextEditor.csproj", "{EF8A1536-335D-479C-AD09-29124C4AEDC3}"
EndProject
Global
	GlobalSection(SolutionConfigurationPlatforms) = preSolution
		Debug|Any CPU = Debug|Any CPU
		Release|Any CPU = Release|Any CPU
	EndGlobalSection
	GlobalSection(ProjectConfigurationPlatforms) = postSolution
		{4DE77ADF-C0FA-41E8-8A98-AA0C55745AFA}.Debug|Any CPU.ActiveCfg = Debug|Any CPU
		{4DE77ADF-C0FA-41E8-8A98-AA0C55745AFA}.Debug|Any CPU.Build.0 = Debug|Any CPU
		{4DE77ADF-C0FA-41E8-8A98-AA0C55745AFA}.Release|Any CPU.ActiveCfg = Release|Any CPU
		{4DE77ADF-C0FA-41E8-8A98-AA0C55745AFA}.Release|Any CPU.Build.0 = Release|Any CPU
		{980477DE-B157-4906-99E1-15B0C493F518}.Debug|Any CPU.ActiveCfg = Debug|Any CPU
		{980477DE-B157-4906-99E1-15B0C493F518}.Debug|Any CPU.Build.0 = Debug|Any CPU
		{980477DE-B157-4906-99E1-15B0C493F518}.Release|Any CPU.ActiveCfg = Release|Any CPU
		{980477DE-B157-4906-99E1-15B0C493F518}.Release|Any CPU.Build.0 = Release|Any CPU
		{2C572FEA-FA87-446F-BEFE-0B969EE76476}.Debug|Any CPU.ActiveCfg = Debug|Any CPU
		{2C572FEA-FA87-446F-BEFE-0B969EE76476}.Debug|Any CPU.Build.0 = Debug|Any CPU
		{2C572FEA-FA87-446F-BEFE-0B969EE76476}.Release|Any CPU.ActiveCfg = Release|Any CPU
		{2C572FEA-FA87-446F-BEFE-0B969EE76476}.Release|Any CPU.Build.0 = Release|Any CPU
		{C10370AE-48C8-4F59-A8C8-91BA9D667B60}.Debug|Any CPU.ActiveCfg = Debug|Any CPU
		{C10370AE-48C8-4F59-A8C8-91BA9D667B60}.Debug|Any CPU.Build.0 = Debug|Any CPU
		{C10370AE-48C8-4F59-A8C8-91BA9D667B60}.Release|Any CPU.ActiveCfg = Release|Any CPU
		{C10370AE-48C8-4F59-A8C8-91BA9D667B60}.Release|Any CPU.Build.0 = Release|Any CPU
		{0D4E9CCB-3386-40F7-83A8-F9DB4C161A08}.Debug|Any CPU.ActiveCfg = Debug|Any CPU
		{0D4E9CCB-3386-40F7-83A8-F9DB4C161A08}.Debug|Any CPU.Build.0 = Debug|Any CPU
		{0D4E9CCB-3386-40F7-83A8-F9DB4C161A08}.Release|Any CPU.ActiveCfg = Release|Any CPU
		{0D4E9CCB-3386-40F7-83A8-F9DB4C161A08}.Release|Any CPU.Build.0 = Release|Any CPU
		{BF03E8B1-6C43-4523-B3EA-97757A839626}.Debug|Any CPU.ActiveCfg = Debug|Any CPU
		{BF03E8B1-6C43-4523-B3EA-97757A839626}.Debug|Any CPU.Build.0 = Debug|Any CPU
		{BF03E8B1-6C43-4523-B3EA-97757A839626}.Release|Any CPU.ActiveCfg = Release|Any CPU
		{BF03E8B1-6C43-4523-B3EA-97757A839626}.Release|Any CPU.Build.0 = Release|Any CPU
		{5F04E334-9FE5-4FE8-B030-DFB7F3943C68}.Debug|Any CPU.ActiveCfg = Debug|Any CPU
		{5F04E334-9FE5-4FE8-B030-DFB7F3943C68}.Debug|Any CPU.Build.0 = Debug|Any CPU
		{5F04E334-9FE5-4FE8-B030-DFB7F3943C68}.Release|Any CPU.ActiveCfg = Release|Any CPU
		{5F04E334-9FE5-4FE8-B030-DFB7F3943C68}.Release|Any CPU.Build.0 = Release|Any CPU
		{D0DC0EC0-ABA4-4E17-BDAA-A581420FFAF5}.Debug|Any CPU.ActiveCfg = Debug|Any CPU
		{D0DC0EC0-ABA4-4E17-BDAA-A581420FFAF5}.Debug|Any CPU.Build.0 = Debug|Any CPU
		{D0DC0EC0-ABA4-4E17-BDAA-A581420FFAF5}.Release|Any CPU.ActiveCfg = Release|Any CPU
		{D0DC0EC0-ABA4-4E17-BDAA-A581420FFAF5}.Release|Any CPU.Build.0 = Release|Any CPU
		{4CC891FE-E744-41A8-AB31-BD13FF6A0AFA}.Debug|Any CPU.ActiveCfg = Debug|Any CPU
		{4CC891FE-E744-41A8-AB31-BD13FF6A0AFA}.Debug|Any CPU.Build.0 = Debug|Any CPU
		{4CC891FE-E744-41A8-AB31-BD13FF6A0AFA}.Release|Any CPU.ActiveCfg = Release|Any CPU
		{4CC891FE-E744-41A8-AB31-BD13FF6A0AFA}.Release|Any CPU.Build.0 = Release|Any CPU
		{EF8A1536-335D-479C-AD09-29124C4AEDC3}.Debug|Any CPU.ActiveCfg = Debug|Any CPU
		{EF8A1536-335D-479C-AD09-29124C4AEDC3}.Debug|Any CPU.Build.0 = Debug|Any CPU
		{EF8A1536-335D-479C-AD09-29124C4AEDC3}.Release|Any CPU.ActiveCfg = Release|Any CPU
		{EF8A1536-335D-479C-AD09-29124C4AEDC3}.Release|Any CPU.Build.0 = Release|Any CPU
	EndGlobalSection
	GlobalSection(SolutionProperties) = preSolution
		HideSolutionNode = FALSE
	EndGlobalSection
EndGlobal
